{
  "requires": true,
  "lockfileVersion": 1,
  "dependencies": {
    "tracker": {
      "version": "file:../tracker",
      "requires": {
        "Exercise": "file:../Exercise"
      },
      "dependencies": {
        "Exercise": {
          "version": "file:../Exercise"
        }
      }
    }
  }
}
